// !$*UTF8*$!
{
	archiveVersion = 1;
	classes = {
	};
	objectVersion = 46;
	objects = {

/* Begin PBXBuildFile section */
		DE55E6F61BF62A1300D9510A /* CYPhotoCell.m in Sources */ = {isa = PBXBuildFile; fileRef = DE55E6F41BF62A1300D9510A /* CYPhotoCell.m */; };
		DE55E6F71BF62A1300D9510A /* CYPhotoCell.xib in Resources */ = {isa = PBXBuildFile; fileRef = DE55E6F51BF62A1300D9510A /* CYPhotoCell.xib */; };
		DE7D17861BF6233E00EFB7F6 /* main.m in Sources */ = {isa = PBXBuildFile; fileRef = DE7D17851BF6233E00EFB7F6 /* main.m */; };
		DE7D17891BF6233E00EFB7F6 /* AppDelegate.m in Sources */ = {isa = PBXBuildFile; fileRef = DE7D17881BF6233E00EFB7F6 /* AppDelegate.m */; };
		DE7D178C1BF6233E00EFB7F6 /* ViewController.m in Sources */ = {isa = PBXBuildFile; fileRef = DE7D178B1BF6233E00EFB7F6 /* ViewController.m */; };
		DE7D178F1BF6233E00EFB7F6 /* Main.storyboard in Resources */ = {isa = PBXBuildFile; fileRef = DE7D178D1BF6233E00EFB7F6 /* Main.storyboard */; };
		DE7D17911BF6233E00EFB7F6 /* Assets.xcassets in Resources */ = {isa = PBXBuildFile; fileRef = DE7D17901BF6233E00EFB7F6 /* Assets.xcassets */; };
		DE7D17941BF6233E00EFB7F6 /* LaunchScreen.storyboard in Resources */ = {isa = PBXBuildFile; fileRef = DE7D17921BF6233E00EFB7F6 /* LaunchScreen.storyboard */; };
		DE7D179F1BF6233E00EFB7F6 /* _______Tests.m in Sources */ = {isa = PBXBuildFile; fileRef = DE7D179E1BF6233E00EFB7F6 /* _______Tests.m */; };
		DE7D17AA1BF6233E00EFB7F6 /* _______UITests.m in Sources */ = {isa = PBXBuildFile; fileRef = DE7D17A91BF6233E00EFB7F6 /* _______UITests.m */; };
		DE7D17B91BF623D400EFB7F6 /* CYLineLayout.m in Sources */ = {isa = PBXBuildFile; fileRef = DE7D17B81BF623D400EFB7F6 /* CYLineLayout.m */; };
/* End PBXBuildFile section */

/* Begin PBXContainerItemProxy section */
		DE7D179B1BF6233E00EFB7F6 /* PBXContainerItemProxy */ = {
			isa = PBXContainerItemProxy;
			containerPortal = DE7D17791BF6233E00EFB7F6 /* Project object */;
			proxyType = 1;
			remoteGlobalIDString = DE7D17801BF6233E00EFB7F6;
			remoteInfo = "自定义流水布局";
		};
		DE7D17A61BF6233E00EFB7F6 /* PBXContainerItemProxy */ = {
			isa = PBXContainerItemProxy;
			containerPortal = DE7D17791BF6233E00EFB7F6 /* Project object */;
			proxyType = 1;
			remoteGlobalIDString = DE7D17801BF6233E00EFB7F6;
			remoteInfo = "自定义流水布局";
		};
/* End PBXContainerItemProxy section */

/* Begin PBXFileReference section */
		DE55E6F31BF62A1300D9510A /* CYPhotoCell.h */ = {isa = PBXFileReference; fileEncoding = 4; lastKnownFileType = sourcecode.c.h; path = CYPhotoCell.h; sourceTree = "<group>"; };
		DE55E6F41BF62A1300D9510A /* CYPhotoCell.m */ = {isa = PBXFileReference; fileEncoding = 4; lastKnownFileType = sourcecode.c.objc; path = CYPhotoCell.m; sourceTree = "<group>"; };
		DE55E6F51BF62A1300D9510A /* CYPhotoCell.xib */ = {isa = PBXFileReference; fileEncoding = 4; lastKnownFileType = file.xib; path = CYPhotoCell.xib; sourceTree = "<group>"; };
		DE7D17811BF6233E00EFB7F6 /* 自定义流水布局.app */ = {isa = PBXFileReference; explicitFileType = wrapper.application; includeInIndex = 0; path = "自定义流水布局.app"; sourceTree = BUILT_PRODUCTS_DIR; };
		DE7D17851BF6233E00EFB7F6 /* main.m */ = {isa = PBXFileReference; lastKnownFileType = sourcecode.c.objc; path = main.m; sourceTree = "<group>"; };
		DE7D17871BF6233E00EFB7F6 /* AppDelegate.h */ = {isa = PBXFileReference; lastKnownFileType = sourcecode.c.h; path = AppDelegate.h; sourceTree = "<group>"; };
		DE7D17881BF6233E00EFB7F6 /* AppDelegate.m */ = {isa = PBXFileReference; lastKnownFileType = sourcecode.c.objc; path = AppDelegate.m; sourceTree = "<group>"; };
		DE7D178A1BF6233E00EFB7F6 /* ViewController.h */ = {isa = PBXFileReference; lastKnownFileType = sourcecode.c.h; path = ViewController.h; sourceTree = "<group>"; };
		DE7D178B1BF6233E00EFB7F6 /* ViewController.m */ = {isa = PBXFileReference; lastKnownFileType = sourcecode.c.objc; path = ViewController.m; sourceTree = "<group>"; };
		DE7D178E1BF6233E00EFB7F6 /* Base */ = {isa = PBXFileReference; lastKnownFileType = file.storyboard; name = Base; path = Base.lproj/Main.storyboard; sourceTree = "<group>"; };
		DE7D17901BF6233E00EFB7F6 /* Assets.xcassets */ = {isa = PBXFileReference; lastKnownFileType = folder.assetcatalog; path = Assets.xcassets; sourceTree = "<group>"; };
		DE7D17931BF6233E00EFB7F6 /* Base */ = {isa = PBXFileReference; lastKnownFileType = file.storyboard; name = Base; path = Base.lproj/LaunchScreen.storyboard; sourceTree = "<group>"; };
		DE7D17951BF6233E00EFB7F6 /* Info.plist */ = {isa = PBXFileReference; lastKnownFileType = text.plist.xml; path = Info.plist; sourceTree = "<group>"; };
		DE7D179A1BF6233E00EFB7F6 /* 自定义流水布局Tests.xctest */ = {isa = PBXFileReference; explicitFileType = wrapper.cfbundle; includeInIndex = 0; path = "自定义流水布局Tests.xctest"; sourceTree = BUILT_PRODUCTS_DIR; };
		DE7D179E1BF6233E00EFB7F6 /* _______Tests.m */ = {isa = PBXFileReference; lastKnownFileType = sourcecode.c.objc; path = "_______Tests.m"; sourceTree = "<group>"; };
		DE7D17A01BF6233E00EFB7F6 /* Info.plist */ = {isa = PBXFileReference; lastKnownFileType = text.plist.xml; path = Info.plist; sourceTree = "<group>"; };
		DE7D17A51BF6233E00EFB7F6 /* 自定义流水布局UITests.xctest */ = {isa = PBXFileReference; explicitFileType = wrapper.cfbundle; includeInIndex = 0; path = "自定义流水布局UITests.xctest"; sourceTree = BUILT_PRODUCTS_DIR; };
		DE7D17A91BF6233E00EFB7F6 /* _______UITests.m */ = {isa = PBXFileReference; lastKnownFileType = sourcecode.c.objc; path = "_______UITests.m"; sourceTree = "<group>"; };
		DE7D17AB1BF6233E00EFB7F6 /* Info.plist */ = {isa = PBXFileReference; lastKnownFileType = text.plist.xml; path = Info.plist; sourceTree = "<group>"; };
		DE7D17B71BF623D400EFB7F6 /* CYLineLayout.h */ = {isa = PBXFileReference; fileEncoding = 4; lastKnownFileType = sourcecode.c.h; path = CYLineLayout.h; sourceTree = "<group>"; };
		DE7D17B81BF623D400EFB7F6 /* CYLineLayout.m */ = {isa = PBXFileReference; fileEncoding = 4; lastKnownFileType = sourcecode.c.objc; path = CYLineLayout.m; sourceTree = "<group>"; };
/* End PBXFileReference section */

/* Begin PBXFrameworksBuildPhase section */
		DE7D177E1BF6233E00EFB7F6 /* Frameworks */ = {
			isa = PBXFrameworksBuildPhase;
			buildActionMask = 2147483647;
			files = (
			);
			runOnlyForDeploymentPostprocessing = 0;
		};
		DE7D17971BF6233E00EFB7F6 /* Frameworks */ = {
			isa = PBXFrameworksBuildPhase;
			buildActionMask = 2147483647;
			files = (
			);
			runOnlyForDeploymentPostprocessing = 0;
		};
		DE7D17A21BF6233E00EFB7F6 /* Frameworks */ = {
			isa = PBXFrameworksBuildPhase;
			buildActionMask = 2147483647;
			files = (
			);
			runOnlyForDeploymentPostprocessing = 0;
		};
/* End PBXFrameworksBuildPhase section */

/* Begin PBXGroup section */
		DE7D17781BF6233E00EFB7F6 = {
			isa = PBXGroup;
			children = (
				DE7D17831BF6233E00EFB7F6 /* 自定义流水布局 */,
				DE7D179D1BF6233E00EFB7F6 /* 自定义流水布局Tests */,
				DE7D17A81BF6233E00EFB7F6 /* 自定义流水布局UITests */,
				DE7D17821BF6233E00EFB7F6 /* Products */,
			);
			sourceTree = "<group>";
		};
		DE7D17821BF6233E00EFB7F6 /* Products */ = {
			isa = PBXGroup;
			children = (
				DE7D17811BF6233E00EFB7F6 /* 自定义流水布局.app */,
				DE7D179A1BF6233E00EFB7F6 /* 自定义流水布局Tests.xctest */,
				DE7D17A51BF6233E00EFB7F6 /* 自定义流水布局UITests.xctest */,
			);
			name = Products;
			sourceTree = "<group>";
		};
		DE7D17831BF6233E00EFB7F6 /* 自定义流水布局 */ = {
			isa = PBXGroup;
			children = (
				DE7D17B71BF623D400EFB7F6 /* CYLineLayout.h */,
				DE7D17B81BF623D400EFB7F6 /* CYLineLayout.m */,
				DE55E6F31BF62A1300D9510A /* CYPhotoCell.h */,
				DE55E6F41BF62A1300D9510A /* CYPhotoCell.m */,
				DE55E6F51BF62A1300D9510A /* CYPhotoCell.xib */,
				DE7D17871BF6233E00EFB7F6 /* AppDelegate.h */,
				DE7D17881BF6233E00EFB7F6 /* AppDelegate.m */,
				DE7D178A1BF6233E00EFB7F6 /* ViewController.h */,
				DE7D178B1BF6233E00EFB7F6 /* ViewController.m */,
				DE7D178D1BF6233E00EFB7F6 /* Main.storyboard */,
				DE7D17901BF6233E00EFB7F6 /* Assets.xcassets */,
				DE7D17921BF6233E00EFB7F6 /* LaunchScreen.storyboard */,
				DE7D17951BF6233E00EFB7F6 /* Info.plist */,
				DE7D17841BF6233E00EFB7F6 /* Supporting Files */,
			);
			path = "自定义流水布局";
			sourceTree = "<group>";
		};
		DE7D17841BF6233E00EFB7F6 /* Supporting Files */ = {
			isa = PBXGroup;
			children = (
				DE7D17851BF6233E00EFB7F6 /* main.m */,
			);
			name = "Supporting Files";
			sourceTree = "<group>";
		};
		DE7D179D1BF6233E00EFB7F6 /* 自定义流水布局Tests */ = {
			isa = PBXGroup;
			children = (
				DE7D179E1BF6233E00EFB7F6 /* _______Tests.m */,
				DE7D17A01BF6233E00EFB7F6 /* Info.plist */,
			);
			path = "自定义流水布局Tests";
			sourceTree = "<group>";
		};
		DE7D17A81BF6233E00EFB7F6 /* 自定义流水布局UITests */ = {
			isa = PBXGroup;
			children = (
				DE7D17A91BF6233E00EFB7F6 /* _______UITests.m */,
				DE7D17AB1BF6233E00EFB7F6 /* Info.plist */,
			);
			path = "自定义流水布局UITests";
			sourceTree = "<group>";
		};
/* End PBXGroup section */

/* Begin PBXNativeTarget section */
		DE7D17801BF6233E00EFB7F6 /* 自定义流水布局 */ = {
			isa = PBXNativeTarget;
			buildConfigurationList = DE7D17AE1BF6233E00EFB7F6 /* Build configuration list for PBXNativeTarget "自定义流水布局" */;
			buildPhases = (
				DE7D177D1BF6233E00EFB7F6 /* Sources */,
				DE7D177E1BF6233E00EFB7F6 /* Frameworks */,
				DE7D177F1BF6233E00EFB7F6 /* Resources */,
			);
			buildRules = (
			);
			dependencies = (
			);
			name = "自定义流水布局";
			productName = "自定义流水布局";
			productReference = DE7D17811BF6233E00EFB7F6 /* 自定义流水布局.app */;
			productType = "com.apple.product-type.application";
		};
		DE7D17991BF6233E00EFB7F6 /* 自定义流水布局Tests */ = {
			isa = PBXNativeTarget;
			buildConfigurationList = DE7D17B11BF6233E00EFB7F6 /* Build configuration list for PBXNativeTarget "自定义流水布局Tests" */;
			buildPhases = (
				DE7D17961BF6233E00EFB7F6 /* Sources */,
				DE7D17971BF6233E00EFB7F6 /* Frameworks */,
				DE7D17981BF6233E00EFB7F6 /* Resources */,
			);
			buildRules = (
			);
			dependencies = (
				DE7D179C1BF6233E00EFB7F6 /* PBXTargetDependency */,
			);
			name = "自定义流水布局Tests";
			productName = "自定义流水布局Tests";
			productReference = DE7D179A1BF6233E00EFB7F6 /* 自定义流水布局Tests.xctest */;
			productType = "com.apple.product-type.bundle.unit-test";
		};
		DE7D17A41BF6233E00EFB7F6 /* 自定义流水布局UITests */ = {
			isa = PBXNativeTarget;
			buildConfigurationList = DE7D17B41BF6233E00EFB7F6 /* Build configuration list for PBXNativeTarget "自定义流水布局UITests" */;
			buildPhases = (
				DE7D17A11BF6233E00EFB7F6 /* Sources */,
				DE7D17A21BF6233E00EFB7F6 /* Frameworks */,
				DE7D17A31BF6233E00EFB7F6 /* Resources */,
			);
			buildRules = (
			);
			dependencies = (
				DE7D17A71BF6233E00EFB7F6 /* PBXTargetDependency */,
			);
			name = "自定义流水布局UITests";
			productName = "自定义流水布局UITests";
			productReference = DE7D17A51BF6233E00EFB7F6 /* 自定义流水布局UITests.xctest */;
			productType = "com.apple.product-type.bundle.ui-testing";
		};
/* End PBXNativeTarget section */

/* Begin PBXProject section */
		DE7D17791BF6233E00EFB7F6 /* Project object */ = {
			isa = PBXProject;
			attributes = {
				LastUpgradeCheck = 0710;
				ORGANIZATIONNAME = "聪颖不聪颖";
				TargetAttributes = {
					DE7D17801BF6233E00EFB7F6 = {
						CreatedOnToolsVersion = 7.1.1;
						DevelopmentTeam = DZESFQ27ED;
					};
					DE7D17991BF6233E00EFB7F6 = {
						CreatedOnToolsVersion = 7.1.1;
						DevelopmentTeam = DZESFQ27ED;
						TestTargetID = DE7D17801BF6233E00EFB7F6;
					};
					DE7D17A41BF6233E00EFB7F6 = {
						CreatedOnToolsVersion = 7.1.1;
						DevelopmentTeam = DZESFQ27ED;
						TestTargetID = DE7D17801BF6233E00EFB7F6;
					};
				};
			};
			buildConfigurationList = DE7D177C1BF6233E00EFB7F6 /* Build configuration list for PBXProject "自定义流水布局" */;
			compatibilityVersion = "Xcode 3.2";
			developmentRegion = English;
			hasScannedForEncodings = 0;
			knownRegions = (
				en,
				Base,
			);
			mainGroup = DE7D17781BF6233E00EFB7F6;
			productRefGroup = DE7D17821BF6233E00EFB7F6 /* Products */;
			projectDirPath = "";
			projectRoot = "";
			targets = (
				DE7D17801BF6233E00EFB7F6 /* 自定义流水布局 */,
				DE7D17991BF6233E00EFB7F6 /* 自定义流水布局Tests */,
				DE7D17A41BF6233E00EFB7F6 /* 自定义流水布局UITests */,
			);
		};
/* End PBXProject section */

/* Begin PBXResourcesBuildPhase section */
		DE7D177F1BF6233E00EFB7F6 /* Resources */ = {
			isa = PBXResourcesBuildPhase;
			buildActionMask = 2147483647;
			files = (
				DE7D17941BF6233E00EFB7F6 /* LaunchScreen.storyboard in Resources */,
				DE7D17911BF6233E00EFB7F6 /* Assets.xcassets in Resources */,
				DE55E6F71BF62A1300D9510A /* CYPhotoCell.xib in Resources */,
				DE7D178F1BF6233E00EFB7F6 /* Main.storyboard in Resources */,
			);
			runOnlyForDeploymentPostprocessing = 0;
		};
		DE7D17981BF6233E00EFB7F6 /* Resources */ = {
			isa = PBXResourcesBuildPhase;
			buildActionMask = 2147483647;
			files = (
			);
			runOnlyForDeploymentPostprocessing = 0;
		};
		DE7D17A31BF6233E00EFB7F6 /* Resources */ = {
			isa = PBXResourcesBuildPhase;
			buildActionMask = 2147483647;
			files = (
			);
			runOnlyForDeploymentPostprocessing = 0;
		};
/* End PBXResourcesBuildPhase section */

/* Begin PBXSourcesBuildPhase section */
		DE7D177D1BF6233E00EFB7F6 /* Sources */ = {
			isa = PBXSourcesBuildPhase;
			buildActionMask = 2147483647;
			files = (
				DE7D178C1BF6233E00EFB7F6 /* ViewController.m in Sources */,
				DE7D17891BF6233E00EFB7F6 /* AppDelegate.m in Sources */,
				DE7D17861BF6233E00EFB7F6 /* main.m in Sources */,
				DE7D17B91BF623D400EFB7F6 /* CYLineLayout.m in Sources */,
				DE55E6F61BF62A1300D9510A /* CYPhotoCell.m in Sources */,
			);
			runOnlyForDeploymentPostprocessing = 0;
		};
		DE7D17961BF6233E00EFB7F6 /* Sources */ = {
			isa = PBXSourcesBuildPhase;
			buildActionMask = 2147483647;
			files = (
				DE7D179F1BF6233E00EFB7F6 /* _______Tests.m in Sources */,
			);
			runOnlyForDeploymentPostprocessing = 0;
		};
		DE7D17A11BF6233E00EFB7F6 /* Sources */ = {
			isa = PBXSourcesBuildPhase;
			buildActionMask = 2147483647;
			files = (
				DE7D17AA1BF6233E00EFB7F6 /* _______UITests.m in Sources */,
			);
			runOnlyForDeploymentPostprocessing = 0;
		};
/* End PBXSourcesBuildPhase section */

/* Begin PBXTargetDependency section */
		DE7D179C1BF6233E00EFB7F6 /* PBXTargetDependency */ = {
			isa = PBXTargetDependency;
			target = DE7D17801BF6233E00EFB7F6 /* 自定义流水布局 */;
			targetProxy = DE7D179B1BF6233E00EFB7F6 /* PBXContainerItemProxy */;
		};
		DE7D17A71BF6233E00EFB7F6 /* PBXTargetDependency */ = {
			isa = PBXTargetDependency;
			target = DE7D17801BF6233E00EFB7F6 /* 自定义流水布局 */;
			targetProxy = DE7D17A61BF6233E00EFB7F6 /* PBXContainerItemProxy */;
		};
/* End PBXTargetDependency section */

/* Begin PBXVariantGroup section */
		DE7D178D1BF6233E00EFB7F6 /* Main.storyboard */ = {
			isa = PBXVariantGroup;
			children = (
				DE7D178E1BF6233E00EFB7F6 /* Base */,
			);
			name = Main.storyboard;
			sourceTree = "<group>";
		};
		DE7D17921BF6233E00EFB7F6 /* LaunchScreen.storyboard */ = {
			isa = PBXVariantGroup;
			children = (
				DE7D17931BF6233E00EFB7F6 /* Base */,
			);
			name = LaunchScreen.storyboard;
			sourceTree = "<group>";
		};
/* End PBXVariantGroup section */

/* Begin XCBuildConfiguration section */
		DE7D17AC1BF6233E00EFB7F6 /* Debug */ = {
			isa = XCBuildConfiguration;
			buildSettings = {
				ALWAYS_SEARCH_USER_PATHS = NO;
				CLANG_CXX_LANGUAGE_STANDARD = "gnu++0x";
				CLANG_CXX_LIBRARY = "libc++";
				CLANG_ENABLE_MODULES = YES;
				CLANG_ENABLE_OBJC_ARC = YES;
				CLANG_WARN_BOOL_CONVERSION = YES;
				CLANG_WARN_CONSTANT_CONVERSION = YES;
				CLANG_WARN_DIRECT_OBJC_ISA_USAGE = YES_ERROR;
				CLANG_WARN_EMPTY_BODY = YES;
				CLANG_WARN_ENUM_CONVERSION = YES;
				CLANG_WARN_INT_CONVERSION = YES;
				CLANG_WARN_OBJC_ROOT_CLASS = YES_ERROR;
				CLANG_WARN_UNREACHABLE_CODE = YES;
				CLANG_WARN__DUPLICATE_METHOD_MATCH = YES;
				"CODE_SIGN_IDENTITY[sdk=iphoneos*]" = "iPhone Developer";
				COPY_PHASE_STRIP = NO;
				DEBUG_INFORMATION_FORMAT = dwarf;
				ENABLE_STRICT_OBJC_MSGSEND = YES;
				ENABLE_TESTABILITY = YES;
				GCC_C_LANGUAGE_STANDARD = gnu99;
				GCC_DYNAMIC_NO_PIC = NO;
				GCC_NO_COMMON_BLOCKS = YES;
				GCC_OPTIMIZATION_LEVEL = 0;
				GCC_PREPROCESSOR_DEFINITIONS = (
					"DEBUG=1",
					"$(inherited)",
				);
				GCC_WARN_64_TO_32_BIT_CONVERSION = YES;
				GCC_WARN_ABOUT_RETURN_TYPE = YES_ERROR;
				GCC_WARN_UNDECLARED_SELECTOR = YES;
				GCC_WARN_UNINITIALIZED_AUTOS = YES_AGGRESSIVE;
				GCC_WARN_UNUSED_FUNCTION = YES;
				GCC_WARN_UNUSED_VARIABLE = YES;
				IPHONEOS_DEPLOYMENT_TARGET = 9.1;
				MTL_ENABLE_DEBUG_INFO = YES;
				ONLY_ACTIVE_ARCH = YES;
				SDKROOT = iphoneos;
			};
			name = Debug;
		};
		DE7D17AD1BF6233E00EFB7F6 /* Release */ = {
			isa = XCBuildConfiguration;
			buildSettings = {
				ALWAYS_SEARCH_USER_PATHS = NO;
				CLANG_CXX_LANGUAGE_STANDARD = "gnu++0x";
				CLANG_CXX_LIBRARY = "libc++";
				CLANG_ENABLE_MODULES = YES;
				CLANG_ENABLE_OBJC_ARC = YES;
				CLANG_WARN_BOOL_CONVERSION = YES;
				CLANG_WARN_CONSTANT_CONVERSION = YES;
				CLANG_WARN_DIRECT_OBJC_ISA_USAGE = YES_ERROR;
				CLANG_WARN_EMPTY_BODY = YES;
				CLANG_WARN_ENUM_CONVERSION = YES;
				CLANG_WARN_INT_CONVERSION = YES;
				CLANG_WARN_OBJC_ROOT_CLASS = YES_ERROR;
				CLANG_WARN_UNREACHABLE_CODE = YES;
				CLANG_WARN__DUPLICATE_METHOD_MATCH = YES;
				"CODE_SIGN_IDENTITY[sdk=iphoneos*]" = "iPhone Developer";
				COPY_PHASE_STRIP = NO;
				DEBUG_INFORMATION_FORMAT = "dwarf-with-dsym";
				ENABLE_NS_ASSERTIONS = NO;
				ENABLE_STRICT_OBJC_MSGSEND = YES;
				GCC_C_LANGUAGE_STANDARD = gnu99;
				GCC_NO_COMMON_BLOCKS = YES;
				GCC_WARN_64_TO_32_BIT_CONVERSION = YES;
				GCC_WARN_ABOUT_RETURN_TYPE = YES_ERROR;
				GCC_WARN_UNDECLARED_SELECTOR = YES;
				GCC_WARN_UNINITIALIZED_AUTOS = YES_AGGRESSIVE;
				GCC_WARN_UNUSED_FUNCTION = YES;
				GCC_WARN_UNUSED_VARIABLE = YES;
				IPHONEOS_DEPLOYMENT_TARGET = 9.1;
				MTL_ENABLE_DEBUG_INFO = NO;
				SDKROOT = iphoneos;
				VALIDATE_PRODUCT = YES;
			};
			name = Release;
		};
		DE7D17AF1BF6233E00EFB7F6 /* Debug */ = {
			isa = XCBuildConfiguration;
			buildSettings = {
				ASSETCATALOG_COMPILER_APPICON_NAME = AppIcon;
				INFOPLIST_FILE = "自定义流水布局/Info.plist";
				LD_RUNPATH_SEARCH_PATHS = "$(inherited) @executable_path/Frameworks";
				PRODUCT_BUNDLE_IDENTIFIER = "CY.-------";
				PRODUCT_NAME = "$(TARGET_NAME)";
			};
			name = Debug;
		};
		DE7D17B01BF6233E00EFB7F6 /* Release */ = {
			isa = XCBuildConfiguration;
			buildSettings = {
				ASSETCATALOG_COMPILER_APPICON_NAME = AppIcon;
				INFOPLIST_FILE = "自定义流水布局/Info.plist";
				LD_RUNPATH_SEARCH_PATHS = "$(inherited) @executable_path/Frameworks";
				PRODUCT_BUNDLE_IDENTIFIER = "CY.-------";
				PRODUCT_NAME = "$(TARGET_NAME)";
			};
			name = Release;
		};
		DE7D17B21BF6233E00EFB7F6 /* Debug */ = {
			isa = XCBuildConfiguration;
			buildSettings = {
				BUNDLE_LOADER = "$(TEST_HOST)";
				INFOPLIST_FILE = "自定义流水布局Tests/Info.plist";
				LD_RUNPATH_SEARCH_PATHS = "$(inherited) @executable_path/Frameworks @loader_path/Frameworks";
				PRODUCT_BUNDLE_IDENTIFIER = "CY.-------Tests";
				PRODUCT_NAME = "$(TARGET_NAME)";
				TEST_HOST = "$(BUILT_PRODUCTS_DIR)/自定义流水布局.app/自定义流水布局";
			};
			name = Debug;
		};
		DE7D17B31BF6233E00EFB7F6 /* Release */ = {
			isa = XCBuildConfiguration;
			buildSettings = {
				BUNDLE_LOADER = "$(TEST_HOST)";
				INFOPLIST_FILE = "自定义流水布局Tests/Info.plist";
				LD_RUNPATH_SEARCH_PATHS = "$(inherited) @executable_path/Frameworks @loader_path/Frameworks";
				PRODUCT_BUNDLE_IDENTIFIER = "CY.-------Tests";
				PRODUCT_NAME = "$(TARGET_NAME)";
				TEST_HOST = "$(BUILT_PRODUCTS_DIR)/自定义流水布局.app/自定义流水布局";
			};
			name = Release;
		};
		DE7D17B51BF6233E00EFB7F6 /* Debug */ = {
			isa = XCBuildConfiguration;
			buildSettings = {
				INFOPLIST_FILE = "自定义流水布局UITests/Info.plist";
				LD_RUNPATH_SEARCH_PATHS = "$(inherited) @executable_path/Frameworks @loader_path/Frameworks";
				PRODUCT_BUNDLE_IDENTIFIER = "CY.-------UITests";
				PRODUCT_NAME = "$(TARGET_NAME)";
				TEST_TARGET_NAME = "自定义流水布局";
				USES_XCTRUNNER = YES;
			};
			name = Debug;
		};
		DE7D17B61BF6233E00EFB7F6 /* Release */ = {
			isa = XCBuildConfiguration;
			buildSettings = {
				INFOPLIST_FILE = "自定义流水布局UITests/Info.plist";
				LD_RUNPATH_SEARCH_PATHS = "$(inherited) @executable_path/Frameworks @loader_path/Frameworks";
				PRODUCT_BUNDLE_IDENTIFIER = "CY.-------UITests";
				PRODUCT_NAME = "$(TARGET_NAME)";
				TEST_TARGET_NAME = "自定义流水布局";
				USES_XCTRUNNER = YES;
			};
			name = Release;
		};
/* End XCBuildConfiguration section */

/* Begin XCConfigurationList section */
		DE7D177C1BF6233E00EFB7F6 /* Build configuration list for PBXProject "自定义流水布局" */ = {
			isa = XCConfigurationList;
			buildConfigurations = (
				DE7D17AC1BF6233E00EFB7F6 /* Debug */,
				DE7D17AD1BF6233E00EFB7F6 /* Release */,
			);
			defaultConfigurationIsVisible = 0;
			defaultConfigurationName = Release;
		};
		DE7D17AE1BF6233E00EFB7F6 /* Build configuration list for PBXNativeTarget "自定义流水布局" */ = {
			isa = XCConfigurationList;
			buildConfigurations = (
				DE7D17AF1BF6233E00EFB7F6 /* Debug */,
				DE7D17B01BF6233E00EFB7F6 /* Release */,
			);
			defaultConfigurationIsVisible = 0;
			defaultConfigurationName = Release;
		};
		DE7D17B11BF6233E00EFB7F6 /* Build configuration list for PBXNativeTarget "自定义流水布局Tests" */ = {
			isa = XCConfigurationList;
			buildConfigurations = (
				DE7D17B21BF6233E00EFB7F6 /* Debug */,
				DE7D17B31BF6233E00EFB7F6 /* Release */,
			);
			defaultConfigurationIsVisible = 0;
			defaultConfigurationName = Release;
		};
		DE7D17B41BF6233E00EFB7F6 /* Build configuration list for PBXNativeTarget "自定义流水布局UITests" */ = {
			isa = XCConfigurationList;
			buildConfigurations = (
				DE7D17B51BF6233E00EFB7F6 /* Debug */,
				DE7D17B61BF6233E00EFB7F6 /* Release */,
			);
			defaultConfigurationIsVisible = 0;
			defaultConfigurationName = Release;
		};
/* End XCConfigurationList section */
	};
	rootObject = DE7D17791BF6233E00EFB7F6 /* Project object */;
}
